
Microsoft Visual Studio Solution File, Format Version 12.00
# Visual Studio Version 17
VisualStudioVersion = 17.14.36623.8
MinimumVisualStudioVersion = 10.0.40219.1
Project("{FAE04EC0-301F-11D3-BF4B-00C04F79EFBC}") = "DungeonBattleConsoleGame", "DungeonBattleConsoleGame.csproj", "{08A2EEBE-279F-4145-8FF0-787FF0736635}"
EndProject
Project("{FAE04EC0-301F-11D3-BF4B-00C04F79EFBC}") = "DungeonBattleConsoleGame.Tests", "DungeonBattleConsoleGame.Tests\DungeonBattleConsoleGame.Tests.csproj", "{D8988CD3-CC7B-4B2E-8EF9-E951F1D6784A}"
EndProject
Global
	GlobalSection(SolutionConfigurationPlatforms) = preSolution
		Debug|Any CPU = Debug|Any CPU
		Release|Any CPU = Release|Any CPU
	EndGlobalSection
	GlobalSection(ProjectConfigurationPlatforms) = postSolution
		{08A2EEBE-279F-4145-8FF0-787FF0736635}.Debug|Any CPU.ActiveCfg = Debug|Any CPU
		{08A2EEBE-279F-4145-8FF0-787FF0736635}.Debug|Any CPU.Build.0 = Debug|Any CPU
		{08A2EEBE-279F-4145-8FF0-787FF0736635}.Release|Any CPU.ActiveCfg = Release|Any CPU
		{08A2EEBE-279F-4145-8FF0-787FF0736635}.Release|Any CPU.Build.0 = Release|Any CPU
		{D8988CD3-CC7B-4B2E-8EF9-E951F1D6784A}.Debug|Any CPU.ActiveCfg = Debug|Any CPU
		{D8988CD3-CC7B-4B2E-8EF9-E951F1D6784A}.Debug|Any CPU.Build.0 = Debug|Any CPU
		{D8988CD3-CC7B-4B2E-8EF9-E951F1D6784A}.Release|Any CPU.ActiveCfg = Release|Any CPU
		{D8988CD3-CC7B-4B2E-8EF9-E951F1D6784A}.Release|Any CPU.Build.0 = Release|Any CPU
	EndGlobalSection
	GlobalSection(SolutionProperties) = preSolution
		HideSolutionNode = FALSE
	EndGlobalSection
	GlobalSection(ExtensibilityGlobals) = postSolution
		SolutionGuid = {ED7DA5CE-AA40-4751-BA06-C55DF4539CC8}
	EndGlobalSection
EndGlobal
